
Microsoft Visual Studio Solution File, Format Version 12.00
# Visual Studio Version 17
VisualStudioVersion = 17.9.34622.214
MinimumVisualStudioVersion = 10.0.40219.1
Project("{FAE04EC0-301F-11D3-BF4B-00C04F79EFBC}") = "PDP_Test", "PDP_Test\PDP_Test.csproj", "{88AA75FC-875E-44F3-8B93-0E5709BEC2FF}"
EndProject
Project("{FAE04EC0-301F-11D3-BF4B-00C04F79EFBC}") = "PDP_Test.Domain", "PDP_test.Domain\PDP_Test.Domain.csproj", "{7602ED22-4026-48AB-A9BF-924DD1E69627}"
EndProject
Project("{FAE04EC0-301F-11D3-BF4B-00C04F79EFBC}") = "PDP_Test.Application", "PDP_Test.Application\PDP_Test.Application.csproj", "{68A3E304-B337-4E4D-8439-804712758C8F}"
EndProject
Project("{FAE04EC0-301F-11D3-BF4B-00C04F79EFBC}") = "PDP_Test.Persistence", "PDP_Test.Persistence\PDP_Test.Persistence.csproj", "{CE61CC8E-D74A-4DC2-84F4-0B5578F3B9CD}"
EndProject
Project("{2150E333-8FDC-42A3-9474-1A3956D46DE8}") = "Solution Items", "Solution Items", "{E89B21A8-15CE-470E-90C8-E1888DFE2484}"
	ProjectSection(SolutionItems) = preProject
		README.txt = README.txt
	EndProjectSection
EndProject
Global
	GlobalSection(SolutionConfigurationPlatforms) = preSolution
		Debug|Any CPU = Debug|Any CPU
		Release|Any CPU = Release|Any CPU
	EndGlobalSection
	GlobalSection(ProjectConfigurationPlatforms) = postSolution
		{88AA75FC-875E-44F3-8B93-0E5709BEC2FF}.Debug|Any CPU.ActiveCfg = Debug|Any CPU
		{88AA75FC-875E-44F3-8B93-0E5709BEC2FF}.Debug|Any CPU.Build.0 = Debug|Any CPU
		{88AA75FC-875E-44F3-8B93-0E5709BEC2FF}.Release|Any CPU.ActiveCfg = Release|Any CPU
		{88AA75FC-875E-44F3-8B93-0E5709BEC2FF}.Release|Any CPU.Build.0 = Release|Any CPU
		{7602ED22-4026-48AB-A9BF-924DD1E69627}.Debug|Any CPU.ActiveCfg = Debug|Any CPU
		{7602ED22-4026-48AB-A9BF-924DD1E69627}.Debug|Any CPU.Build.0 = Debug|Any CPU
		{7602ED22-4026-48AB-A9BF-924DD1E69627}.Release|Any CPU.ActiveCfg = Release|Any CPU
		{7602ED22-4026-48AB-A9BF-924DD1E69627}.Release|Any CPU.Build.0 = Release|Any CPU
		{68A3E304-B337-4E4D-8439-804712758C8F}.Debug|Any CPU.ActiveCfg = Debug|Any CPU
		{68A3E304-B337-4E4D-8439-804712758C8F}.Debug|Any CPU.Build.0 = Debug|Any CPU
		{68A3E304-B337-4E4D-8439-804712758C8F}.Release|Any CPU.ActiveCfg = Release|Any CPU
		{68A3E304-B337-4E4D-8439-804712758C8F}.Release|Any CPU.Build.0 = Release|Any CPU
		{CE61CC8E-D74A-4DC2-84F4-0B5578F3B9CD}.Debug|Any CPU.ActiveCfg = Debug|Any CPU
		{CE61CC8E-D74A-4DC2-84F4-0B5578F3B9CD}.Debug|Any CPU.Build.0 = Debug|Any CPU
		{CE61CC8E-D74A-4DC2-84F4-0B5578F3B9CD}.Release|Any CPU.ActiveCfg = Release|Any CPU
		{CE61CC8E-D74A-4DC2-84F4-0B5578F3B9CD}.Release|Any CPU.Build.0 = Release|Any CPU
	EndGlobalSection
	GlobalSection(SolutionProperties) = preSolution
		HideSolutionNode = FALSE
	EndGlobalSection
	GlobalSection(ExtensibilityGlobals) = postSolution
		SolutionGuid = {20AC9523-4671-48B1-B605-289D06F9253A}
	EndGlobalSection
EndGlobal
